{
  "nodes": {
    "flake-utils": {
      "locked": {
        "lastModified": 1653893745,
        "narHash": "sha256-0jntwV3Z8//YwuOjzhV2sgJJPt+HY6KhU7VZUL0fKZQ=",
        "owner": "numtide",
        "repo": "flake-utils",
        "rev": "1ed9fb1935d260de5fe1c2f7ee0ebaae17ed2fa1",
        "type": "github"
      },
      "original": {
        "owner": "numtide",
        "repo": "flake-utils",
        "type": "github"
      }
    },
    "nixpkgs": {
      "locked": {
        "lastModified": 1653931853,
        "narHash": "sha256-O3wncIouj9x7gBPntzHeK/Hkmm9M1SGlYq7JI7saTAE=",
        "owner": "NixOS",
        "repo": "nixpkgs",
        "rev": "f1c167688a6f81f4a51ab542e5f476c8c595e457",
        "type": "github"
      },
      "original": {
        "owner": "NixOS",
        "ref": "nixos-unstable",
        "repo": "nixpkgs",
        "type": "github"
      }
    },
    "root": {
      "inputs": {
        "flake-utils": "flake-utils",
        "nixpkgs": "nixpkgs",
        "vs_57_vs": "vs_57_vs",
        "vs_57_zimg": "vs_57_zimg",
        "vs_58_vs": "vs_58_vs",
        "vs_58_zimg": "vs_58_zimg",
        "vs_latest_vs": "vs_latest_vs",
        "vs_latest_zimg": "vs_latest_zimg"
      }
    },
    "vs_57_vs": {
      "flake": false,
      "locked": {
        "lastModified": 1634048763,
        "narHash": "sha256-tPQ1SOIpFevOYzL9a8Lc5+dv2egVX1CY3km8yWVv+Sk=",
        "owner": "vapoursynth",
        "repo": "vapoursynth",
        "rev": "325756ed04588b31840fdb74479537cddcba4bf7",
        "type": "github"
      },
      "original": {
        "owner": "vapoursynth",
        "ref": "R57",
        "repo": "vapoursynth",
        "type": "github"
      }
    },
    "vs_57_zimg": {
      "flake": false,
      "locked": {
        "lastModified": 1651934905,
        "narHash": "sha256-n4YJ0uWQ8vAlW6m2INGKYD509hAjvjbIqBY3+/rrkHs=",
        "owner": "sekrit-twc",
        "repo": "zimg",
        "rev": "1c76327f50dd3e9b8b04200656440bd387c3888c",
        "type": "github"
      },
      "original": {
        "owner": "sekrit-twc",
        "ref": "v3.0",
        "repo": "zimg",
        "type": "github"
      }
    },
    "vs_58_vs": {
      "flake": false,
      "locked": {
        "lastModified": 1649869847,
        "narHash": "sha256-LIjNfyfpyvE+Ec6f4aGzRA4ZGoWPFhjtUw4yrenDsUQ=",
        "owner": "vapoursynth",
        "repo": "vapoursynth",
        "rev": "fd31a2d36811b09224aed507b9009011acb6497f",
        "type": "github"
      },
      "original": {
        "owner": "vapoursynth",
        "ref": "R58",
        "repo": "vapoursynth",
        "type": "github"
      }
    },
    "vs_58_zimg": {
      "flake": false,
      "locked": {
        "lastModified": 1651934905,
        "narHash": "sha256-n4YJ0uWQ8vAlW6m2INGKYD509hAjvjbIqBY3+/rrkHs=",
        "owner": "sekrit-twc",
        "repo": "zimg",
        "rev": "1c76327f50dd3e9b8b04200656440bd387c3888c",
        "type": "github"
      },
      "original": {
        "owner": "sekrit-twc",
        "ref": "v3.0",
        "repo": "zimg",
        "type": "github"
      }
    },
    "vs_latest_vs": {
      "flake": false,
      "locked": {
        "lastModified": 1653982033,
        "narHash": "sha256-6w7GSC5ZNIhLpulni4sKq0OvuxHlTJRilBFGH5PQW8U=",
        "owner": "vapoursynth",
        "repo": "vapoursynth",
        "rev": "da7d758ff70dc9789ed89969c2d3a307483153bf",
        "type": "github"
      },
      "original": {
        "owner": "vapoursynth",
        "repo": "vapoursynth",
        "type": "github"
      }
    },
    "vs_latest_zimg": {
      "flake": false,
      "locked": {
        "lastModified": 1651934905,
        "narHash": "sha256-n4YJ0uWQ8vAlW6m2INGKYD509hAjvjbIqBY3+/rrkHs=",
        "owner": "sekrit-twc",
        "repo": "zimg",
        "rev": "1c76327f50dd3e9b8b04200656440bd387c3888c",
        "type": "github"
      },
      "original": {
        "owner": "sekrit-twc",
        "ref": "v3.0",
        "repo": "zimg",
        "type": "github"
      }
    }
  },
  "root": "root",
  "version": 7
}
