{
  "nodes": {
    "flake-utils": {
      "locked": {
        "lastModified": 1649676176,
        "narHash": "sha256-OWKJratjt2RW151VUlJPRALb7OU2S5s+f0vLj4o1bHM=",
        "owner": "numtide",
        "repo": "flake-utils",
        "rev": "a4b154ebbdc88c8498a5c7b01589addc9e9cb678",
        "type": "github"
      },
      "original": {
        "owner": "numtide",
        "repo": "flake-utils",
        "type": "github"
      }
    },
    "nixpkgs": {
      "locked": {
        "lastModified": 1649986882,
        "narHash": "sha256-cNsInUFq1MbuvaEmv8x6jetWnmAU+osMpnwKumtjksI=",
        "owner": "NixOS",
        "repo": "nixpkgs",
        "rev": "5181d5945eda382ff6a9ca3e072ed6ea9b547fee",
        "type": "github"
      },
      "original": {
        "owner": "NixOS",
        "ref": "nixos-unstable",
        "repo": "nixpkgs",
        "type": "github"
      }
    },
    "root": {
      "inputs": {
        "flake-utils": "flake-utils",
        "nixpkgs": "nixpkgs",
        "vs_57_vs": "vs_57_vs",
        "vs_57_zimg": "vs_57_zimg",
        "vs_58_vs": "vs_58_vs",
        "vs_58_zimg": "vs_58_zimg",
        "vs_latest_vs": "vs_latest_vs",
        "vs_latest_zimg": "vs_latest_zimg"
      }
    },
    "vs_57_vs": {
      "flake": false,
      "locked": {
        "lastModified": 1634048763,
        "narHash": "sha256-tPQ1SOIpFevOYzL9a8Lc5+dv2egVX1CY3km8yWVv+Sk=",
        "owner": "vapoursynth",
        "repo": "vapoursynth",
        "rev": "325756ed04588b31840fdb74479537cddcba4bf7",
        "type": "github"
      },
      "original": {
        "owner": "vapoursynth",
        "ref": "R57",
        "repo": "vapoursynth",
        "type": "github"
      }
    },
    "vs_57_zimg": {
      "flake": false,
      "locked": {
        "lastModified": 1647482635,
        "narHash": "sha256-ANhZ3qt+BMMIXGCIXq4UA0EgSwVuwIAZrgHOQxPpyYA=",
        "owner": "sekrit-twc",
        "repo": "zimg",
        "rev": "dd4c4dff3ce6a2877bd6ba57c1be99759b9cb2da",
        "type": "github"
      },
      "original": {
        "owner": "sekrit-twc",
        "ref": "v3.0",
        "repo": "zimg",
        "type": "github"
      }
    },
    "vs_58_vs": {
      "flake": false,
      "locked": {
        "lastModified": 1649869847,
        "narHash": "sha256-LIjNfyfpyvE+Ec6f4aGzRA4ZGoWPFhjtUw4yrenDsUQ=",
        "owner": "vapoursynth",
        "repo": "vapoursynth",
        "rev": "fd31a2d36811b09224aed507b9009011acb6497f",
        "type": "github"
      },
      "original": {
        "owner": "vapoursynth",
        "ref": "R58",
        "repo": "vapoursynth",
        "type": "github"
      }
    },
    "vs_58_zimg": {
      "flake": false,
      "locked": {
        "lastModified": 1647482635,
        "narHash": "sha256-ANhZ3qt+BMMIXGCIXq4UA0EgSwVuwIAZrgHOQxPpyYA=",
        "owner": "sekrit-twc",
        "repo": "zimg",
        "rev": "dd4c4dff3ce6a2877bd6ba57c1be99759b9cb2da",
        "type": "github"
      },
      "original": {
        "owner": "sekrit-twc",
        "ref": "v3.0",
        "repo": "zimg",
        "type": "github"
      }
    },
    "vs_latest_vs": {
      "flake": false,
      "locked": {
        "lastModified": 1649869847,
        "narHash": "sha256-LIjNfyfpyvE+Ec6f4aGzRA4ZGoWPFhjtUw4yrenDsUQ=",
        "owner": "vapoursynth",
        "repo": "vapoursynth",
        "rev": "fd31a2d36811b09224aed507b9009011acb6497f",
        "type": "github"
      },
      "original": {
        "owner": "vapoursynth",
        "repo": "vapoursynth",
        "type": "github"
      }
    },
    "vs_latest_zimg": {
      "flake": false,
      "locked": {
        "lastModified": 1647482635,
        "narHash": "sha256-ANhZ3qt+BMMIXGCIXq4UA0EgSwVuwIAZrgHOQxPpyYA=",
        "owner": "sekrit-twc",
        "repo": "zimg",
        "rev": "dd4c4dff3ce6a2877bd6ba57c1be99759b9cb2da",
        "type": "github"
      },
      "original": {
        "owner": "sekrit-twc",
        "ref": "v3.0",
        "repo": "zimg",
        "type": "github"
      }
    }
  },
  "root": "root",
  "version": 7
}
